// !$*UTF8*$!
{
	archiveVersion = 1;
	classes = {
	};
	objectVersion = 55;
	objects = {

/* Begin PBXBuildFile section */
		5F2F826F27E305490067C0E5 /* AppDelegate.swift in Sources */ = {isa = PBXBuildFile; fileRef = 5F2F826E27E305490067C0E5 /* AppDelegate.swift */; };
		5F2F827127E305490067C0E5 /* SceneDelegate.swift in Sources */ = {isa = PBXBuildFile; fileRef = 5F2F827027E305490067C0E5 /* SceneDelegate.swift */; };
		5F2F827327E305490067C0E5 /* ViewController.swift in Sources */ = {isa = PBXBuildFile; fileRef = 5F2F827227E305490067C0E5 /* ViewController.swift */; };
		5F2F827827E3054B0067C0E5 /* Assets.xcassets in Resources */ = {isa = PBXBuildFile; fileRef = 5F2F827727E3054B0067C0E5 /* Assets.xcassets */; };
		5F2F827B27E3054B0067C0E5 /* LaunchScreen.storyboard in Resources */ = {isa = PBXBuildFile; fileRef = 5F2F827927E3054B0067C0E5 /* LaunchScreen.storyboard */; };
		5F3CF7D62823F19800E90DAE /* CharityEventsViewController.swift in Sources */ = {isa = PBXBuildFile; fileRef = 5F3CF7D52823F19800E90DAE /* CharityEventsViewController.swift */; };
		5F3CF7D82823F1C900E90DAE /* CharityEventsCollectionViewCell.swift in Sources */ = {isa = PBXBuildFile; fileRef = 5F3CF7D72823F1C900E90DAE /* CharityEventsCollectionViewCell.swift */; };
		5F3CF7DA2823F2BC00E90DAE /* CharityEventsHeaderView.swift in Sources */ = {isa = PBXBuildFile; fileRef = 5F3CF7D92823F2BC00E90DAE /* CharityEventsHeaderView.swift */; };
		5F3CF7DC2823F68A00E90DAE /* EventsModel.swift in Sources */ = {isa = PBXBuildFile; fileRef = 5F3CF7DB2823F68A00E90DAE /* EventsModel.swift */; };
		5F3CF7DF282402F000E90DAE /* TapHelpCollectionViewCellDelegate.swift in Sources */ = {isa = PBXBuildFile; fileRef = 5F3CF7DE282402F000E90DAE /* TapHelpCollectionViewCellDelegate.swift */; };
		5F5AA1FA281FF3A700E851E4 /* Localizable.strings in Resources */ = {isa = PBXBuildFile; fileRef = 5F5AA1FC281FF3A700E851E4 /* Localizable.strings */; };
		5F76BF40281810DC0009624B /* MainTabBarController.swift in Sources */ = {isa = PBXBuildFile; fileRef = 5F76BF3F281810DC0009624B /* MainTabBarController.swift */; };
		5F76BF4328181FD80009624B /* SF-UI-Text-Regular.otf in Resources */ = {isa = PBXBuildFile; fileRef = 5F76BF4228181FD80009624B /* SF-UI-Text-Regular.otf */; };
		5F76BF46281823590009624B /* HelpViewController.swift in Sources */ = {isa = PBXBuildFile; fileRef = 5F76BF45281823590009624B /* HelpViewController.swift */; };
		5F76BF4C281824200009624B /* ProfileViewController.swift in Sources */ = {isa = PBXBuildFile; fileRef = 5F76BF4B281824200009624B /* ProfileViewController.swift */; };
		5F76BF4E2818242E0009624B /* HistoryViewController.swift in Sources */ = {isa = PBXBuildFile; fileRef = 5F76BF4D2818242E0009624B /* HistoryViewController.swift */; };
		5F76BF502818243D0009624B /* SearchViewController.swift in Sources */ = {isa = PBXBuildFile; fileRef = 5F76BF4F2818243D0009624B /* SearchViewController.swift */; };
		5F76BF522818244B0009624B /* NewsViewController.swift in Sources */ = {isa = PBXBuildFile; fileRef = 5F76BF512818244B0009624B /* NewsViewController.swift */; };
		5F76BF55281825030009624B /* UIColor+extension.swift in Sources */ = {isa = PBXBuildFile; fileRef = 5F76BF54281825030009624B /* UIColor+extension.swift */; };
		5F76BF5728182C970009624B /* HelpCollectionHeader.swift in Sources */ = {isa = PBXBuildFile; fileRef = 5F76BF5628182C970009624B /* HelpCollectionHeader.swift */; };
		5F76BF5928182F310009624B /* HelpCollectionViewCell.swift in Sources */ = {isa = PBXBuildFile; fileRef = 5F76BF5828182F310009624B /* HelpCollectionViewCell.swift */; };
		5F76BF5B281831790009624B /* HelpModel.swift in Sources */ = {isa = PBXBuildFile; fileRef = 5F76BF5A281831790009624B /* HelpModel.swift */; };
		5F76BF5D281833480009624B /* Extension+UIView.swift in Sources */ = {isa = PBXBuildFile; fileRef = 5F76BF5C281833480009624B /* Extension+UIView.swift */; };
		5F76BF5F281847460009624B /* Officinasansextraboldscc.otf in Resources */ = {isa = PBXBuildFile; fileRef = 5F76BF5E281847460009624B /* Officinasansextraboldscc.otf */; };
		5FD56CB82825146C008F1FCB /* events.json in Resources */ = {isa = PBXBuildFile; fileRef = 5FD56CB72825146C008F1FCB /* events.json */; };
		5FD56CBB28253037008F1FCB /* category.json in Resources */ = {isa = PBXBuildFile; fileRef = 5FD56CBA28253037008F1FCB /* category.json */; };
		FD66D01DD78C6D8855E7FA3F /* Pods_oneTask.framework in Frameworks */ = {isa = PBXBuildFile; fileRef = CCE0824AA98BED718D9F92FF /* Pods_oneTask.framework */; };
/* End PBXBuildFile section */

/* Begin PBXFileReference section */
		5F2F826B27E305490067C0E5 /* oneTask.app */ = {isa = PBXFileReference; explicitFileType = wrapper.application; includeInIndex = 0; path = oneTask.app; sourceTree = BUILT_PRODUCTS_DIR; };
		5F2F826E27E305490067C0E5 /* AppDelegate.swift */ = {isa = PBXFileReference; lastKnownFileType = sourcecode.swift; path = AppDelegate.swift; sourceTree = "<group>"; };
		5F2F827027E305490067C0E5 /* SceneDelegate.swift */ = {isa = PBXFileReference; lastKnownFileType = sourcecode.swift; path = SceneDelegate.swift; sourceTree = "<group>"; };
		5F2F827227E305490067C0E5 /* ViewController.swift */ = {isa = PBXFileReference; lastKnownFileType = sourcecode.swift; path = ViewController.swift; sourceTree = "<group>"; };
		5F2F827727E3054B0067C0E5 /* Assets.xcassets */ = {isa = PBXFileReference; lastKnownFileType = folder.assetcatalog; path = Assets.xcassets; sourceTree = "<group>"; };
		5F2F827A27E3054B0067C0E5 /* Base */ = {isa = PBXFileReference; lastKnownFileType = file.storyboard; name = Base; path = Base.lproj/LaunchScreen.storyboard; sourceTree = "<group>"; };
		5F2F827C27E3054B0067C0E5 /* Info.plist */ = {isa = PBXFileReference; lastKnownFileType = text.plist.xml; path = Info.plist; sourceTree = "<group>"; };
		5F3CF7D52823F19800E90DAE /* CharityEventsViewController.swift */ = {isa = PBXFileReference; lastKnownFileType = sourcecode.swift; path = CharityEventsViewController.swift; sourceTree = "<group>"; };
		5F3CF7D72823F1C900E90DAE /* CharityEventsCollectionViewCell.swift */ = {isa = PBXFileReference; lastKnownFileType = sourcecode.swift; path = CharityEventsCollectionViewCell.swift; sourceTree = "<group>"; };
		5F3CF7D92823F2BC00E90DAE /* CharityEventsHeaderView.swift */ = {isa = PBXFileReference; lastKnownFileType = sourcecode.swift; path = CharityEventsHeaderView.swift; sourceTree = "<group>"; };
		5F3CF7DB2823F68A00E90DAE /* EventsModel.swift */ = {isa = PBXFileReference; lastKnownFileType = sourcecode.swift; path = EventsModel.swift; sourceTree = "<group>"; };
		5F3CF7DE282402F000E90DAE /* TapHelpCollectionViewCellDelegate.swift */ = {isa = PBXFileReference; lastKnownFileType = sourcecode.swift; path = TapHelpCollectionViewCellDelegate.swift; sourceTree = "<group>"; };
		5F5AA1F7281FF38200E851E4 /* ru */ = {isa = PBXFileReference; lastKnownFileType = text.plist.strings; name = ru; path = ru.lproj/LaunchScreen.strings; sourceTree = "<group>"; };
		5F5AA1FB281FF3A700E851E4 /* ru */ = {isa = PBXFileReference; lastKnownFileType = text.plist.strings; name = ru; path = ru.lproj/Localizable.strings; sourceTree = "<group>"; };
		5F76BF3F281810DC0009624B /* MainTabBarController.swift */ = {isa = PBXFileReference; lastKnownFileType = sourcecode.swift; path = MainTabBarController.swift; sourceTree = "<group>"; };
		5F76BF4228181FD80009624B /* SF-UI-Text-Regular.otf */ = {isa = PBXFileReference; lastKnownFileType = file; path = "SF-UI-Text-Regular.otf"; sourceTree = "<group>"; };
		5F76BF45281823590009624B /* HelpViewController.swift */ = {isa = PBXFileReference; lastKnownFileType = sourcecode.swift; path = HelpViewController.swift; sourceTree = "<group>"; };
		5F76BF4B281824200009624B /* ProfileViewController.swift */ = {isa = PBXFileReference; lastKnownFileType = sourcecode.swift; path = ProfileViewController.swift; sourceTree = "<group>"; };
		5F76BF4D2818242E0009624B /* HistoryViewController.swift */ = {isa = PBXFileReference; lastKnownFileType = sourcecode.swift; path = HistoryViewController.swift; sourceTree = "<group>"; };
		5F76BF4F2818243D0009624B /* SearchViewController.swift */ = {isa = PBXFileReference; lastKnownFileType = sourcecode.swift; path = SearchViewController.swift; sourceTree = "<group>"; };
		5F76BF512818244B0009624B /* NewsViewController.swift */ = {isa = PBXFileReference; lastKnownFileType = sourcecode.swift; path = NewsViewController.swift; sourceTree = "<group>"; };
		5F76BF54281825030009624B /* UIColor+extension.swift */ = {isa = PBXFileReference; lastKnownFileType = sourcecode.swift; path = "UIColor+extension.swift"; sourceTree = "<group>"; };
		5F76BF5628182C970009624B /* HelpCollectionHeader.swift */ = {isa = PBXFileReference; lastKnownFileType = sourcecode.swift; path = HelpCollectionHeader.swift; sourceTree = "<group>"; };
		5F76BF5828182F310009624B /* HelpCollectionViewCell.swift */ = {isa = PBXFileReference; lastKnownFileType = sourcecode.swift; path = HelpCollectionViewCell.swift; sourceTree = "<group>"; };
		5F76BF5A281831790009624B /* HelpModel.swift */ = {isa = PBXFileReference; lastKnownFileType = sourcecode.swift; path = HelpModel.swift; sourceTree = "<group>"; };
		5F76BF5C281833480009624B /* Extension+UIView.swift */ = {isa = PBXFileReference; lastKnownFileType = sourcecode.swift; path = "Extension+UIView.swift"; sourceTree = "<group>"; };
		5F76BF5E281847460009624B /* Officinasansextraboldscc.otf */ = {isa = PBXFileReference; lastKnownFileType = file; path = Officinasansextraboldscc.otf; sourceTree = "<group>"; };
		5FD56CB72825146C008F1FCB /* events.json */ = {isa = PBXFileReference; fileEncoding = 4; lastKnownFileType = text.json; path = events.json; sourceTree = "<group>"; };
		5FD56CBA28253037008F1FCB /* category.json */ = {isa = PBXFileReference; fileEncoding = 4; lastKnownFileType = text.json; path = category.json; sourceTree = "<group>"; };
		6D7BE05BE149E6F648E0FA31 /* Pods-oneTask.release.xcconfig */ = {isa = PBXFileReference; includeInIndex = 1; lastKnownFileType = text.xcconfig; name = "Pods-oneTask.release.xcconfig"; path = "Target Support Files/Pods-oneTask/Pods-oneTask.release.xcconfig"; sourceTree = "<group>"; };
		8D642991776C30B2C5DD411E /* Pods-oneTask.debug.xcconfig */ = {isa = PBXFileReference; includeInIndex = 1; lastKnownFileType = text.xcconfig; name = "Pods-oneTask.debug.xcconfig"; path = "Target Support Files/Pods-oneTask/Pods-oneTask.debug.xcconfig"; sourceTree = "<group>"; };
		CCE0824AA98BED718D9F92FF /* Pods_oneTask.framework */ = {isa = PBXFileReference; explicitFileType = wrapper.framework; includeInIndex = 0; path = Pods_oneTask.framework; sourceTree = BUILT_PRODUCTS_DIR; };
/* End PBXFileReference section */

/* Begin PBXFrameworksBuildPhase section */
		5F2F826827E305490067C0E5 /* Frameworks */ = {
			isa = PBXFrameworksBuildPhase;
			buildActionMask = 2147483647;
			files = (
				FD66D01DD78C6D8855E7FA3F /* Pods_oneTask.framework in Frameworks */,
			);
			runOnlyForDeploymentPostprocessing = 0;
		};
/* End PBXFrameworksBuildPhase section */

/* Begin PBXGroup section */
		0C6A91C7BCFED4ADD0FB8EEF /* Pods */ = {
			isa = PBXGroup;
			children = (
				8D642991776C30B2C5DD411E /* Pods-oneTask.debug.xcconfig */,
				6D7BE05BE149E6F648E0FA31 /* Pods-oneTask.release.xcconfig */,
			);
			path = Pods;
			sourceTree = "<group>";
		};
		5F2F826227E305490067C0E5 = {
			isa = PBXGroup;
			children = (
				5F2F826D27E305490067C0E5 /* oneTask */,
				5F2F826C27E305490067C0E5 /* Products */,
				0C6A91C7BCFED4ADD0FB8EEF /* Pods */,
				C8073BF515D7FA274EFE9A0B /* Frameworks */,
			);
			sourceTree = "<group>";
		};
		5F2F826C27E305490067C0E5 /* Products */ = {
			isa = PBXGroup;
			children = (
				5F2F826B27E305490067C0E5 /* oneTask.app */,
			);
			name = Products;
			sourceTree = "<group>";
		};
		5F2F826D27E305490067C0E5 /* oneTask */ = {
			isa = PBXGroup;
			children = (
				5FD56CB628251460008F1FCB /* JSON */,
				5F3CF7DD282402E300E90DAE /* Protocols */,
				5F76BF53281824EA0009624B /* Extensions */,
				5F76BF4128181FBA0009624B /* Fonts */,
				5F76BF47281823D20009624B /* NewsPage */,
				5F76BF48281823DA0009624B /* SearchPage */,
				5F76BF44281823370009624B /* HelpPage */,
				5F76BF49281823F50009624B /* HistoryPage */,
				5F76BF4A281824130009624B /* ProfilePage */,
				5F76BF3F281810DC0009624B /* MainTabBarController.swift */,
				5F2F826E27E305490067C0E5 /* AppDelegate.swift */,
				5F2F827027E305490067C0E5 /* SceneDelegate.swift */,
				5F2F827227E305490067C0E5 /* ViewController.swift */,
				5F2F827727E3054B0067C0E5 /* Assets.xcassets */,
				5F5AA1FC281FF3A700E851E4 /* Localizable.strings */,
				5F2F827927E3054B0067C0E5 /* LaunchScreen.storyboard */,
				5F2F827C27E3054B0067C0E5 /* Info.plist */,
			);
			path = oneTask;
			sourceTree = "<group>";
		};
		5F3CF7D42823F14C00E90DAE /* CharityEvents */ = {
			isa = PBXGroup;
			children = (
				5FD56CB928252D05008F1FCB /* Detail */,
				5F3CF7D52823F19800E90DAE /* CharityEventsViewController.swift */,
				5F3CF7D72823F1C900E90DAE /* CharityEventsCollectionViewCell.swift */,
				5F3CF7D92823F2BC00E90DAE /* CharityEventsHeaderView.swift */,
				5F3CF7DB2823F68A00E90DAE /* EventsModel.swift */,
			);
			path = CharityEvents;
			sourceTree = "<group>";
		};
		5F3CF7DD282402E300E90DAE /* Protocols */ = {
			isa = PBXGroup;
			children = (
				5F3CF7DE282402F000E90DAE /* TapHelpCollectionViewCellDelegate.swift */,
			);
			path = Protocols;
			sourceTree = "<group>";
		};
		5F76BF4128181FBA0009624B /* Fonts */ = {
			isa = PBXGroup;
			children = (
				5F76BF4228181FD80009624B /* SF-UI-Text-Regular.otf */,
				5F76BF5E281847460009624B /* Officinasansextraboldscc.otf */,
			);
			path = Fonts;
			sourceTree = "<group>";
		};
		5F76BF44281823370009624B /* HelpPage */ = {
			isa = PBXGroup;
			children = (
				5F3CF7D42823F14C00E90DAE /* CharityEvents */,
				5F76BF45281823590009624B /* HelpViewController.swift */,
				5F76BF5628182C970009624B /* HelpCollectionHeader.swift */,
				5F76BF5828182F310009624B /* HelpCollectionViewCell.swift */,
				5F76BF5A281831790009624B /* HelpModel.swift */,
			);
			path = HelpPage;
			sourceTree = "<group>";
		};
		5F76BF47281823D20009624B /* NewsPage */ = {
			isa = PBXGroup;
			children = (
				5F76BF512818244B0009624B /* NewsViewController.swift */,
			);
			path = NewsPage;
			sourceTree = "<group>";
		};
		5F76BF48281823DA0009624B /* SearchPage */ = {
			isa = PBXGroup;
			children = (
				5F76BF4F2818243D0009624B /* SearchViewController.swift */,
			);
			path = SearchPage;
			sourceTree = "<group>";
		};
		5F76BF49281823F50009624B /* HistoryPage */ = {
			isa = PBXGroup;
			children = (
				5F76BF4D2818242E0009624B /* HistoryViewController.swift */,
			);
			path = HistoryPage;
			sourceTree = "<group>";
		};
		5F76BF4A281824130009624B /* ProfilePage */ = {
			isa = PBXGroup;
			children = (
				5F76BF4B281824200009624B /* ProfileViewController.swift */,
			);
			path = ProfilePage;
			sourceTree = "<group>";
		};
		5F76BF53281824EA0009624B /* Extensions */ = {
			isa = PBXGroup;
			children = (
				5F76BF54281825030009624B /* UIColor+extension.swift */,
				5F76BF5C281833480009624B /* Extension+UIView.swift */,
			);
			path = Extensions;
			sourceTree = "<group>";
		};
		5FD56CB628251460008F1FCB /* JSON */ = {
			isa = PBXGroup;
			children = (
				5FD56CBA28253037008F1FCB /* category.json */,
				5FD56CB72825146C008F1FCB /* events.json */,
			);
			path = JSON;
			sourceTree = "<group>";
		};
		5FD56CB928252D05008F1FCB /* Detail */ = {
			isa = PBXGroup;
			children = (
			);
			path = Detail;
			sourceTree = "<group>";
		};
		C8073BF515D7FA274EFE9A0B /* Frameworks */ = {
			isa = PBXGroup;
			children = (
				CCE0824AA98BED718D9F92FF /* Pods_oneTask.framework */,
			);
			name = Frameworks;
			sourceTree = "<group>";
		};
/* End PBXGroup section */

/* Begin PBXNativeTarget section */
		5F2F826A27E305490067C0E5 /* oneTask */ = {
			isa = PBXNativeTarget;
			buildConfigurationList = 5F2F827F27E3054B0067C0E5 /* Build configuration list for PBXNativeTarget "oneTask" */;
			buildPhases = (
				5F76BF61281851980009624B /* Run SwiftLint */,
				C47EE33A3DF27FEA4A701A6D /* [CP] Check Pods Manifest.lock */,
				5F2F826727E305490067C0E5 /* Sources */,
				5F2F826827E305490067C0E5 /* Frameworks */,
				5F2F826927E305490067C0E5 /* Resources */,
				2251C5A421703C94FF65D1CE /* [CP] Embed Pods Frameworks */,
			);
			buildRules = (
			);
			dependencies = (
			);
			name = oneTask;
			productName = oneTask;
			productReference = 5F2F826B27E305490067C0E5 /* oneTask.app */;
			productType = "com.apple.product-type.application";
		};
/* End PBXNativeTarget section */

/* Begin PBXProject section */
		5F2F826327E305490067C0E5 /* Project object */ = {
			isa = PBXProject;
			attributes = {
				BuildIndependentTargetsInParallel = 1;
				LastSwiftUpdateCheck = 1320;
				LastUpgradeCheck = 1320;
				TargetAttributes = {
					5F2F826A27E305490067C0E5 = {
						CreatedOnToolsVersion = 13.2.1;
					};
				};
			};
			buildConfigurationList = 5F2F826627E305490067C0E5 /* Build configuration list for PBXProject "oneTask" */;
			compatibilityVersion = "Xcode 13.0";
			developmentRegion = en;
			hasScannedForEncodings = 0;
			knownRegions = (
				en,
				Base,
				ru,
			);
			mainGroup = 5F2F826227E305490067C0E5;
			productRefGroup = 5F2F826C27E305490067C0E5 /* Products */;
			projectDirPath = "";
			projectRoot = "";
			targets = (
				5F2F826A27E305490067C0E5 /* oneTask */,
			);
		};
/* End PBXProject section */

/* Begin PBXResourcesBuildPhase section */
		5F2F826927E305490067C0E5 /* Resources */ = {
			isa = PBXResourcesBuildPhase;
			buildActionMask = 2147483647;
			files = (
				5FD56CBB28253037008F1FCB /* category.json in Resources */,
				5F2F827B27E3054B0067C0E5 /* LaunchScreen.storyboard in Resources */,
				5F76BF5F281847460009624B /* Officinasansextraboldscc.otf in Resources */,
				5FD56CB82825146C008F1FCB /* events.json in Resources */,
				5F5AA1FA281FF3A700E851E4 /* Localizable.strings in Resources */,
				5F2F827827E3054B0067C0E5 /* Assets.xcassets in Resources */,
				5F76BF4328181FD80009624B /* SF-UI-Text-Regular.otf in Resources */,
			);
			runOnlyForDeploymentPostprocessing = 0;
		};
/* End PBXResourcesBuildPhase section */

/* Begin PBXShellScriptBuildPhase section */
		2251C5A421703C94FF65D1CE /* [CP] Embed Pods Frameworks */ = {
			isa = PBXShellScriptBuildPhase;
			buildActionMask = 2147483647;
			files = (
			);
			inputFileListPaths = (
				"${PODS_ROOT}/Target Support Files/Pods-oneTask/Pods-oneTask-frameworks-${CONFIGURATION}-input-files.xcfilelist",
			);
			name = "[CP] Embed Pods Frameworks";
			outputFileListPaths = (
				"${PODS_ROOT}/Target Support Files/Pods-oneTask/Pods-oneTask-frameworks-${CONFIGURATION}-output-files.xcfilelist",
			);
			runOnlyForDeploymentPostprocessing = 0;
			shellPath = /bin/sh;
			shellScript = "\"${PODS_ROOT}/Target Support Files/Pods-oneTask/Pods-oneTask-frameworks.sh\"\n";
			showEnvVarsInLog = 0;
		};
		5F76BF61281851980009624B /* Run SwiftLint */ = {
			isa = PBXShellScriptBuildPhase;
			buildActionMask = 2147483647;
			files = (
			);
			inputFileListPaths = (
			);
			inputPaths = (
			);
			name = "Run SwiftLint";
			outputFileListPaths = (
			);
			outputPaths = (
			);
			runOnlyForDeploymentPostprocessing = 0;
			shellPath = /bin/sh;
			shellScript = "# Type a script or drag a script file from your workspace to insert its path.\nif which swiftlint >/dev/null; then\n  swiftlint\nelse\n  echo \"warning: SwiftLint not installed, download from https://github.com/realm/SwiftLint\"\nfi\n";
		};
		C47EE33A3DF27FEA4A701A6D /* [CP] Check Pods Manifest.lock */ = {
			isa = PBXShellScriptBuildPhase;
			buildActionMask = 2147483647;
			files = (
			);
			inputFileListPaths = (
			);
			inputPaths = (
				"${PODS_PODFILE_DIR_PATH}/Podfile.lock",
				"${PODS_ROOT}/Manifest.lock",
			);
			name = "[CP] Check Pods Manifest.lock";
			outputFileListPaths = (
			);
			outputPaths = (
				"$(DERIVED_FILE_DIR)/Pods-oneTask-checkManifestLockResult.txt",
			);
			runOnlyForDeploymentPostprocessing = 0;
			shellPath = /bin/sh;
			shellScript = "diff \"${PODS_PODFILE_DIR_PATH}/Podfile.lock\" \"${PODS_ROOT}/Manifest.lock\" > /dev/null\nif [ $? != 0 ] ; then\n    # print error to STDERR\n    echo \"error: The sandbox is not in sync with the Podfile.lock. Run 'pod install' or update your CocoaPods installation.\" >&2\n    exit 1\nfi\n# This output is used by Xcode 'outputs' to avoid re-running this script phase.\necho \"SUCCESS\" > \"${SCRIPT_OUTPUT_FILE_0}\"\n";
			showEnvVarsInLog = 0;
		};
/* End PBXShellScriptBuildPhase section */

/* Begin PBXSourcesBuildPhase section */
		5F2F826727E305490067C0E5 /* Sources */ = {
			isa = PBXSourcesBuildPhase;
			buildActionMask = 2147483647;
			files = (
				5F76BF5D281833480009624B /* Extension+UIView.swift in Sources */,
				5F76BF4C281824200009624B /* ProfileViewController.swift in Sources */,
				5F76BF5728182C970009624B /* HelpCollectionHeader.swift in Sources */,
				5F2F827327E305490067C0E5 /* ViewController.swift in Sources */,
				5F3CF7DC2823F68A00E90DAE /* EventsModel.swift in Sources */,
				5F76BF5928182F310009624B /* HelpCollectionViewCell.swift in Sources */,
				5F76BF502818243D0009624B /* SearchViewController.swift in Sources */,
				5F76BF40281810DC0009624B /* MainTabBarController.swift in Sources */,
				5F76BF5B281831790009624B /* HelpModel.swift in Sources */,
				5F2F826F27E305490067C0E5 /* AppDelegate.swift in Sources */,
				5F2F827127E305490067C0E5 /* SceneDelegate.swift in Sources */,
				5F3CF7D62823F19800E90DAE /* CharityEventsViewController.swift in Sources */,
				5F76BF522818244B0009624B /* NewsViewController.swift in Sources */,
				5F76BF55281825030009624B /* UIColor+extension.swift in Sources */,
				5F3CF7DA2823F2BC00E90DAE /* CharityEventsHeaderView.swift in Sources */,
				5F76BF4E2818242E0009624B /* HistoryViewController.swift in Sources */,
				5F3CF7D82823F1C900E90DAE /* CharityEventsCollectionViewCell.swift in Sources */,
				5F3CF7DF282402F000E90DAE /* TapHelpCollectionViewCellDelegate.swift in Sources */,
				5F76BF46281823590009624B /* HelpViewController.swift in Sources */,
			);
			runOnlyForDeploymentPostprocessing = 0;
		};
/* End PBXSourcesBuildPhase section */

/* Begin PBXVariantGroup section */
		5F2F827927E3054B0067C0E5 /* LaunchScreen.storyboard */ = {
			isa = PBXVariantGroup;
			children = (
				5F2F827A27E3054B0067C0E5 /* Base */,
				5F5AA1F7281FF38200E851E4 /* ru */,
			);
			name = LaunchScreen.storyboard;
			sourceTree = "<group>";
		};
		5F5AA1FC281FF3A700E851E4 /* Localizable.strings */ = {
			isa = PBXVariantGroup;
			children = (
				5F5AA1FB281FF3A700E851E4 /* ru */,
			);
			name = Localizable.strings;
			sourceTree = "<group>";
		};
/* End PBXVariantGroup section */

/* Begin XCBuildConfiguration section */
		5F2F827D27E3054B0067C0E5 /* Debug */ = {
			isa = XCBuildConfiguration;
			buildSettings = {
				ALWAYS_SEARCH_USER_PATHS = NO;
				CLANG_ANALYZER_LOCALIZABILITY_NONLOCALIZED = YES;
				CLANG_ANALYZER_NONNULL = YES;
				CLANG_ANALYZER_NUMBER_OBJECT_CONVERSION = YES_AGGRESSIVE;
				CLANG_CXX_LANGUAGE_STANDARD = "gnu++17";
				CLANG_CXX_LIBRARY = "libc++";
				CLANG_ENABLE_MODULES = YES;
				CLANG_ENABLE_OBJC_ARC = YES;
				CLANG_ENABLE_OBJC_WEAK = YES;
				CLANG_WARN_BLOCK_CAPTURE_AUTORELEASING = YES;
				CLANG_WARN_BOOL_CONVERSION = YES;
				CLANG_WARN_COMMA = YES;
				CLANG_WARN_CONSTANT_CONVERSION = YES;
				CLANG_WARN_DEPRECATED_OBJC_IMPLEMENTATIONS = YES;
				CLANG_WARN_DIRECT_OBJC_ISA_USAGE = YES_ERROR;
				CLANG_WARN_DOCUMENTATION_COMMENTS = YES;
				CLANG_WARN_EMPTY_BODY = YES;
				CLANG_WARN_ENUM_CONVERSION = YES;
				CLANG_WARN_INFINITE_RECURSION = YES;
				CLANG_WARN_INT_CONVERSION = YES;
				CLANG_WARN_NON_LITERAL_NULL_CONVERSION = YES;
				CLANG_WARN_OBJC_IMPLICIT_RETAIN_SELF = YES;
				CLANG_WARN_OBJC_LITERAL_CONVERSION = YES;
				CLANG_WARN_OBJC_ROOT_CLASS = YES_ERROR;
				CLANG_WARN_QUOTED_INCLUDE_IN_FRAMEWORK_HEADER = YES;
				CLANG_WARN_RANGE_LOOP_ANALYSIS = YES;
				CLANG_WARN_STRICT_PROTOTYPES = YES;
				CLANG_WARN_SUSPICIOUS_MOVE = YES;
				CLANG_WARN_UNGUARDED_AVAILABILITY = YES_AGGRESSIVE;
				CLANG_WARN_UNREACHABLE_CODE = YES;
				CLANG_WARN__DUPLICATE_METHOD_MATCH = YES;
				COPY_PHASE_STRIP = NO;
				DEBUG_INFORMATION_FORMAT = dwarf;
				ENABLE_STRICT_OBJC_MSGSEND = YES;
				ENABLE_TESTABILITY = YES;
				GCC_C_LANGUAGE_STANDARD = gnu11;
				GCC_DYNAMIC_NO_PIC = NO;
				GCC_NO_COMMON_BLOCKS = YES;
				GCC_OPTIMIZATION_LEVEL = 0;
				GCC_PREPROCESSOR_DEFINITIONS = (
					"DEBUG=1",
					"$(inherited)",
				);
				GCC_WARN_64_TO_32_BIT_CONVERSION = YES;
				GCC_WARN_ABOUT_RETURN_TYPE = YES_ERROR;
				GCC_WARN_UNDECLARED_SELECTOR = YES;
				GCC_WARN_UNINITIALIZED_AUTOS = YES_AGGRESSIVE;
				GCC_WARN_UNUSED_FUNCTION = YES;
				GCC_WARN_UNUSED_VARIABLE = YES;
				IPHONEOS_DEPLOYMENT_TARGET = 15.2;
				MTL_ENABLE_DEBUG_INFO = INCLUDE_SOURCE;
				MTL_FAST_MATH = YES;
				ONLY_ACTIVE_ARCH = YES;
				SDKROOT = iphoneos;
				SWIFT_ACTIVE_COMPILATION_CONDITIONS = DEBUG;
				SWIFT_OPTIMIZATION_LEVEL = "-Onone";
			};
			name = Debug;
		};
		5F2F827E27E3054B0067C0E5 /* Release */ = {
			isa = XCBuildConfiguration;
			buildSettings = {
				ALWAYS_SEARCH_USER_PATHS = NO;
				CLANG_ANALYZER_LOCALIZABILITY_NONLOCALIZED = YES;
				CLANG_ANALYZER_NONNULL = YES;
				CLANG_ANALYZER_NUMBER_OBJECT_CONVERSION = YES_AGGRESSIVE;
				CLANG_CXX_LANGUAGE_STANDARD = "gnu++17";
				CLANG_CXX_LIBRARY = "libc++";
				CLANG_ENABLE_MODULES = YES;
				CLANG_ENABLE_OBJC_ARC = YES;
				CLANG_ENABLE_OBJC_WEAK = YES;
				CLANG_WARN_BLOCK_CAPTURE_AUTORELEASING = YES;
				CLANG_WARN_BOOL_CONVERSION = YES;
				CLANG_WARN_COMMA = YES;
				CLANG_WARN_CONSTANT_CONVERSION = YES;
				CLANG_WARN_DEPRECATED_OBJC_IMPLEMENTATIONS = YES;
				CLANG_WARN_DIRECT_OBJC_ISA_USAGE = YES_ERROR;
				CLANG_WARN_DOCUMENTATION_COMMENTS = YES;
				CLANG_WARN_EMPTY_BODY = YES;
				CLANG_WARN_ENUM_CONVERSION = YES;
				CLANG_WARN_INFINITE_RECURSION = YES;
				CLANG_WARN_INT_CONVERSION = YES;
				CLANG_WARN_NON_LITERAL_NULL_CONVERSION = YES;
				CLANG_WARN_OBJC_IMPLICIT_RETAIN_SELF = YES;
				CLANG_WARN_OBJC_LITERAL_CONVERSION = YES;
				CLANG_WARN_OBJC_ROOT_CLASS = YES_ERROR;
				CLANG_WARN_QUOTED_INCLUDE_IN_FRAMEWORK_HEADER = YES;
				CLANG_WARN_RANGE_LOOP_ANALYSIS = YES;
				CLANG_WARN_STRICT_PROTOTYPES = YES;
				CLANG_WARN_SUSPICIOUS_MOVE = YES;
				CLANG_WARN_UNGUARDED_AVAILABILITY = YES_AGGRESSIVE;
				CLANG_WARN_UNREACHABLE_CODE = YES;
				CLANG_WARN__DUPLICATE_METHOD_MATCH = YES;
				COPY_PHASE_STRIP = NO;
				DEBUG_INFORMATION_FORMAT = "dwarf-with-dsym";
				ENABLE_NS_ASSERTIONS = NO;
				ENABLE_STRICT_OBJC_MSGSEND = YES;
				GCC_C_LANGUAGE_STANDARD = gnu11;
				GCC_NO_COMMON_BLOCKS = YES;
				GCC_WARN_64_TO_32_BIT_CONVERSION = YES;
				GCC_WARN_ABOUT_RETURN_TYPE = YES_ERROR;
				GCC_WARN_UNDECLARED_SELECTOR = YES;
				GCC_WARN_UNINITIALIZED_AUTOS = YES_AGGRESSIVE;
				GCC_WARN_UNUSED_FUNCTION = YES;
				GCC_WARN_UNUSED_VARIABLE = YES;
				IPHONEOS_DEPLOYMENT_TARGET = 15.2;
				MTL_ENABLE_DEBUG_INFO = NO;
				MTL_FAST_MATH = YES;
				SDKROOT = iphoneos;
				SWIFT_COMPILATION_MODE = wholemodule;
				SWIFT_OPTIMIZATION_LEVEL = "-O";
				VALIDATE_PRODUCT = YES;
			};
			name = Release;
		};
		5F2F828027E3054B0067C0E5 /* Debug */ = {
			isa = XCBuildConfiguration;
			baseConfigurationReference = 8D642991776C30B2C5DD411E /* Pods-oneTask.debug.xcconfig */;
			buildSettings = {
				ASSETCATALOG_COMPILER_APPICON_NAME = AppIcon;
				ASSETCATALOG_COMPILER_GLOBAL_ACCENT_COLOR_NAME = AccentColor;
				CODE_SIGN_STYLE = Automatic;
				CURRENT_PROJECT_VERSION = 1;
				DEVELOPMENT_TEAM = D43G9A8437;
				GENERATE_INFOPLIST_FILE = YES;
				INFOPLIST_FILE = oneTask/Info.plist;
				INFOPLIST_KEY_UIApplicationSupportsIndirectInputEvents = YES;
				INFOPLIST_KEY_UILaunchStoryboardName = LaunchScreen;
				INFOPLIST_KEY_UISupportedInterfaceOrientations = UIInterfaceOrientationPortrait;
				INFOPLIST_KEY_UISupportedInterfaceOrientations_iPad = "UIInterfaceOrientationPortrait UIInterfaceOrientationPortraitUpsideDown UIInterfaceOrientationLandscapeLeft UIInterfaceOrientationLandscapeRight";
				INFOPLIST_KEY_UISupportedInterfaceOrientations_iPhone = "UIInterfaceOrientationPortrait UIInterfaceOrientationLandscapeLeft UIInterfaceOrientationLandscapeRight";
				LD_RUNPATH_SEARCH_PATHS = (
					"$(inherited)",
					"@executable_path/Frameworks",
				);
				MARKETING_VERSION = 1.0;
				PRODUCT_BUNDLE_IDENTIFIER = "-.oneTask";
				PRODUCT_NAME = "$(TARGET_NAME)";
				SWIFT_EMIT_LOC_STRINGS = YES;
				SWIFT_VERSION = 5.0;
				TARGETED_DEVICE_FAMILY = 1;
			};
			name = Debug;
		};
		5F2F828127E3054B0067C0E5 /* Release */ = {
			isa = XCBuildConfiguration;
			baseConfigurationReference = 6D7BE05BE149E6F648E0FA31 /* Pods-oneTask.release.xcconfig */;
			buildSettings = {
				ASSETCATALOG_COMPILER_APPICON_NAME = AppIcon;
				ASSETCATALOG_COMPILER_GLOBAL_ACCENT_COLOR_NAME = AccentColor;
				CODE_SIGN_STYLE = Automatic;
				CURRENT_PROJECT_VERSION = 1;
				DEVELOPMENT_TEAM = D43G9A8437;
				GENERATE_INFOPLIST_FILE = YES;
				INFOPLIST_FILE = oneTask/Info.plist;
				INFOPLIST_KEY_UIApplicationSupportsIndirectInputEvents = YES;
				INFOPLIST_KEY_UILaunchStoryboardName = LaunchScreen;
				INFOPLIST_KEY_UISupportedInterfaceOrientations = UIInterfaceOrientationPortrait;
				INFOPLIST_KEY_UISupportedInterfaceOrientations_iPad = "UIInterfaceOrientationPortrait UIInterfaceOrientationPortraitUpsideDown UIInterfaceOrientationLandscapeLeft UIInterfaceOrientationLandscapeRight";
				INFOPLIST_KEY_UISupportedInterfaceOrientations_iPhone = "UIInterfaceOrientationPortrait UIInterfaceOrientationLandscapeLeft UIInterfaceOrientationLandscapeRight";
				LD_RUNPATH_SEARCH_PATHS = (
					"$(inherited)",
					"@executable_path/Frameworks",
				);
				MARKETING_VERSION = 1.0;
				PRODUCT_BUNDLE_IDENTIFIER = "-.oneTask";
				PRODUCT_NAME = "$(TARGET_NAME)";
				SWIFT_EMIT_LOC_STRINGS = YES;
				SWIFT_VERSION = 5.0;
				TARGETED_DEVICE_FAMILY = 1;
			};
			name = Release;
		};
/* End XCBuildConfiguration section */

/* Begin XCConfigurationList section */
		5F2F826627E305490067C0E5 /* Build configuration list for PBXProject "oneTask" */ = {
			isa = XCConfigurationList;
			buildConfigurations = (
				5F2F827D27E3054B0067C0E5 /* Debug */,
				5F2F827E27E3054B0067C0E5 /* Release */,
			);
			defaultConfigurationIsVisible = 0;
			defaultConfigurationName = Release;
		};
		5F2F827F27E3054B0067C0E5 /* Build configuration list for PBXNativeTarget "oneTask" */ = {
			isa = XCConfigurationList;
			buildConfigurations = (
				5F2F828027E3054B0067C0E5 /* Debug */,
				5F2F828127E3054B0067C0E5 /* Release */,
			);
			defaultConfigurationIsVisible = 0;
			defaultConfigurationName = Release;
		};
/* End XCConfigurationList section */
	};
	rootObject = 5F2F826327E305490067C0E5 /* Project object */;
}
